// !$*UTF8*$!
{
	archiveVersion = 1;
	classes = {
	};
	objectVersion = 50;
	objects = {

/* Begin PBXBuildFile section */
		BF5F72DC264E278D00DBFAE7 /* AppDelegate.swift in Sources */ = {isa = PBXBuildFile; fileRef = BF5F72DB264E278D00DBFAE7 /* AppDelegate.swift */; };
		BF5F72DE264E278D00DBFAE7 /* SceneDelegate.swift in Sources */ = {isa = PBXBuildFile; fileRef = BF5F72DD264E278D00DBFAE7 /* SceneDelegate.swift */; };
		BF5F72E0264E278D00DBFAE7 /* ViewController.swift in Sources */ = {isa = PBXBuildFile; fileRef = BF5F72DF264E278D00DBFAE7 /* ViewController.swift */; };
		BF5F72E3264E278D00DBFAE7 /* Main.storyboard in Resources */ = {isa = PBXBuildFile; fileRef = BF5F72E1264E278D00DBFAE7 /* Main.storyboard */; };
		BF5F72E5264E279000DBFAE7 /* Assets.xcassets in Resources */ = {isa = PBXBuildFile; fileRef = BF5F72E4264E279000DBFAE7 /* Assets.xcassets */; };
		BF5F72E8264E279000DBFAE7 /* LaunchScreen.storyboard in Resources */ = {isa = PBXBuildFile; fileRef = BF5F72E6264E279000DBFAE7 /* LaunchScreen.storyboard */; };
		BF5F72F0264E2AFC00DBFAE7 /* NetworkManager.swift in Sources */ = {isa = PBXBuildFile; fileRef = BF5F72EF264E2AFC00DBFAE7 /* NetworkManager.swift */; };
		BF5F72F2264E317C00DBFAE7 /* APIEndPoint.swift in Sources */ = {isa = PBXBuildFile; fileRef = BF5F72F1264E317C00DBFAE7 /* APIEndPoint.swift */; };
		BF5F72F4264E3FFB00DBFAE7 /* CurrencyResponse.swift in Sources */ = {isa = PBXBuildFile; fileRef = BF5F72F3264E3FFB00DBFAE7 /* CurrencyResponse.swift */; };
		BF5F72F6264E420F00DBFAE7 /* APIError.swift in Sources */ = {isa = PBXBuildFile; fileRef = BF5F72F5264E420F00DBFAE7 /* APIError.swift */; };
		BF5F72FA264E6D0800DBFAE7 /* CyLabel.swift in Sources */ = {isa = PBXBuildFile; fileRef = BF5F72F9264E6D0800DBFAE7 /* CyLabel.swift */; };
		BF5F72FC264EBC1500DBFAE7 /* DogeTableCellTableViewCell.swift in Sources */ = {isa = PBXBuildFile; fileRef = BF5F72FB264EBC1500DBFAE7 /* DogeTableCellTableViewCell.swift */; };
		BF5F7302264FB4E000DBFAE7 /* Date+Extension.swift in Sources */ = {isa = PBXBuildFile; fileRef = BF5F7301264FB4DF00DBFAE7 /* Date+Extension.swift */; };
		BF5F7304264FB59900DBFAE7 /* String+Extension.swift in Sources */ = {isa = PBXBuildFile; fileRef = BF5F7303264FB59900DBFAE7 /* String+Extension.swift */; };
		BF5F730A264FEB6900DBFAE7 /* TabBarVC.swift in Sources */ = {isa = PBXBuildFile; fileRef = BF5F7309264FEB6900DBFAE7 /* TabBarVC.swift */; };
		BF5F730D2650F8CC00DBFAE7 /* HomePageVC.swift in Sources */ = {isa = PBXBuildFile; fileRef = BF5F730C2650F8CC00DBFAE7 /* HomePageVC.swift */; };
		BF5F730F2650FA2400DBFAE7 /* UIViewController+Extension.swift in Sources */ = {isa = PBXBuildFile; fileRef = BF5F730E2650FA2400DBFAE7 /* UIViewController+Extension.swift */; };
		BF5F73112650FC6A00DBFAE7 /* APIKeys.swift in Sources */ = {isa = PBXBuildFile; fileRef = BF5F73102650FC6A00DBFAE7 /* APIKeys.swift */; };
/* End PBXBuildFile section */

/* Begin PBXFileReference section */
		BF5F72D8264E278D00DBFAE7 /* CyCoin.app */ = {isa = PBXFileReference; explicitFileType = wrapper.application; includeInIndex = 0; path = CyCoin.app; sourceTree = BUILT_PRODUCTS_DIR; };
		BF5F72DB264E278D00DBFAE7 /* AppDelegate.swift */ = {isa = PBXFileReference; lastKnownFileType = sourcecode.swift; path = AppDelegate.swift; sourceTree = "<group>"; };
		BF5F72DD264E278D00DBFAE7 /* SceneDelegate.swift */ = {isa = PBXFileReference; lastKnownFileType = sourcecode.swift; path = SceneDelegate.swift; sourceTree = "<group>"; };
		BF5F72DF264E278D00DBFAE7 /* ViewController.swift */ = {isa = PBXFileReference; lastKnownFileType = sourcecode.swift; path = ViewController.swift; sourceTree = "<group>"; };
		BF5F72E2264E278D00DBFAE7 /* Base */ = {isa = PBXFileReference; lastKnownFileType = file.storyboard; name = Base; path = Base.lproj/Main.storyboard; sourceTree = "<group>"; };
		BF5F72E4264E279000DBFAE7 /* Assets.xcassets */ = {isa = PBXFileReference; lastKnownFileType = folder.assetcatalog; path = Assets.xcassets; sourceTree = "<group>"; };
		BF5F72E7264E279000DBFAE7 /* Base */ = {isa = PBXFileReference; lastKnownFileType = file.storyboard; name = Base; path = Base.lproj/LaunchScreen.storyboard; sourceTree = "<group>"; };
		BF5F72E9264E279000DBFAE7 /* Info.plist */ = {isa = PBXFileReference; lastKnownFileType = text.plist.xml; path = Info.plist; sourceTree = "<group>"; };
		BF5F72EF264E2AFC00DBFAE7 /* NetworkManager.swift */ = {isa = PBXFileReference; lastKnownFileType = sourcecode.swift; path = NetworkManager.swift; sourceTree = "<group>"; };
		BF5F72F1264E317C00DBFAE7 /* APIEndPoint.swift */ = {isa = PBXFileReference; lastKnownFileType = sourcecode.swift; path = APIEndPoint.swift; sourceTree = "<group>"; };
		BF5F72F3264E3FFB00DBFAE7 /* CurrencyResponse.swift */ = {isa = PBXFileReference; lastKnownFileType = sourcecode.swift; path = CurrencyResponse.swift; sourceTree = "<group>"; };
		BF5F72F5264E420F00DBFAE7 /* APIError.swift */ = {isa = PBXFileReference; lastKnownFileType = sourcecode.swift; path = APIError.swift; sourceTree = "<group>"; };
		BF5F72F9264E6D0800DBFAE7 /* CyLabel.swift */ = {isa = PBXFileReference; lastKnownFileType = sourcecode.swift; path = CyLabel.swift; sourceTree = "<group>"; };
		BF5F72FB264EBC1500DBFAE7 /* DogeTableCellTableViewCell.swift */ = {isa = PBXFileReference; lastKnownFileType = sourcecode.swift; path = DogeTableCellTableViewCell.swift; sourceTree = "<group>"; };
		BF5F7301264FB4DF00DBFAE7 /* Date+Extension.swift */ = {isa = PBXFileReference; lastKnownFileType = sourcecode.swift; path = "Date+Extension.swift"; sourceTree = "<group>"; };
		BF5F7303264FB59900DBFAE7 /* String+Extension.swift */ = {isa = PBXFileReference; lastKnownFileType = sourcecode.swift; path = "String+Extension.swift"; sourceTree = "<group>"; };
		BF5F7309264FEB6900DBFAE7 /* TabBarVC.swift */ = {isa = PBXFileReference; lastKnownFileType = sourcecode.swift; path = TabBarVC.swift; sourceTree = "<group>"; };
		BF5F730C2650F8CC00DBFAE7 /* HomePageVC.swift */ = {isa = PBXFileReference; lastKnownFileType = sourcecode.swift; path = HomePageVC.swift; sourceTree = "<group>"; };
		BF5F730E2650FA2400DBFAE7 /* UIViewController+Extension.swift */ = {isa = PBXFileReference; lastKnownFileType = sourcecode.swift; path = "UIViewController+Extension.swift"; sourceTree = "<group>"; };
		BF5F73102650FC6A00DBFAE7 /* APIKeys.swift */ = {isa = PBXFileReference; lastKnownFileType = sourcecode.swift; path = APIKeys.swift; sourceTree = "<group>"; };
/* End PBXFileReference section */

/* Begin PBXFrameworksBuildPhase section */
		BF5F72D5264E278D00DBFAE7 /* Frameworks */ = {
			isa = PBXFrameworksBuildPhase;
			buildActionMask = 2147483647;
			files = (
			);
			runOnlyForDeploymentPostprocessing = 0;
		};
/* End PBXFrameworksBuildPhase section */

/* Begin PBXGroup section */
		BF5F72CF264E278D00DBFAE7 = {
			isa = PBXGroup;
			children = (
				BF5F72DA264E278D00DBFAE7 /* CyCoin */,
				BF5F72D9264E278D00DBFAE7 /* Products */,
			);
			sourceTree = "<group>";
		};
		BF5F72D9264E278D00DBFAE7 /* Products */ = {
			isa = PBXGroup;
			children = (
				BF5F72D8264E278D00DBFAE7 /* CyCoin.app */,
			);
			name = Products;
			sourceTree = "<group>";
		};
		BF5F72DA264E278D00DBFAE7 /* CyCoin */ = {
			isa = PBXGroup;
			children = (
				BF5F72DB264E278D00DBFAE7 /* AppDelegate.swift */,
				BF5F7309264FEB6900DBFAE7 /* TabBarVC.swift */,
				BF5F72DD264E278D00DBFAE7 /* SceneDelegate.swift */,
				BF5F730B2650F87A00DBFAE7 /* CryptoTrack */,
				BF5F7306264FC29B00DBFAE7 /* DogeCoin */,
				BF5F72F8264E506800DBFAE7 /* Network */,
				BF5F72F7264E505B00DBFAE7 /* Model */,
				BF5F7305264FBA5800DBFAE7 /* Extension */,
				BF5F72E1264E278D00DBFAE7 /* Main.storyboard */,
				BF5F72E4264E279000DBFAE7 /* Assets.xcassets */,
				BF5F72E6264E279000DBFAE7 /* LaunchScreen.storyboard */,
				BF5F72E9264E279000DBFAE7 /* Info.plist */,
				BF5F73102650FC6A00DBFAE7 /* APIKeys.swift */,
			);
			path = CyCoin;
			sourceTree = "<group>";
		};
		BF5F72F7264E505B00DBFAE7 /* Model */ = {
			isa = PBXGroup;
			children = (
				BF5F72F3264E3FFB00DBFAE7 /* CurrencyResponse.swift */,
			);
			path = Model;
			sourceTree = "<group>";
		};
		BF5F72F8264E506800DBFAE7 /* Network */ = {
			isa = PBXGroup;
			children = (
				BF5F72EF264E2AFC00DBFAE7 /* NetworkManager.swift */,
				BF5F72F1264E317C00DBFAE7 /* APIEndPoint.swift */,
				BF5F72F5264E420F00DBFAE7 /* APIError.swift */,
			);
			path = Network;
			sourceTree = "<group>";
		};
		BF5F7305264FBA5800DBFAE7 /* Extension */ = {
			isa = PBXGroup;
			children = (
				BF5F7301264FB4DF00DBFAE7 /* Date+Extension.swift */,
				BF5F7303264FB59900DBFAE7 /* String+Extension.swift */,
				BF5F730E2650FA2400DBFAE7 /* UIViewController+Extension.swift */,
			);
			path = Extension;
			sourceTree = "<group>";
		};
		BF5F7306264FC29B00DBFAE7 /* DogeCoin */ = {
			isa = PBXGroup;
			children = (
				BF5F72DF264E278D00DBFAE7 /* ViewController.swift */,
				BF5F72F9264E6D0800DBFAE7 /* CyLabel.swift */,
				BF5F72FB264EBC1500DBFAE7 /* DogeTableCellTableViewCell.swift */,
			);
			path = DogeCoin;
			sourceTree = "<group>";
		};
		BF5F730B2650F87A00DBFAE7 /* CryptoTrack */ = {
			isa = PBXGroup;
			children = (
				BF5F730C2650F8CC00DBFAE7 /* HomePageVC.swift */,
			);
			path = CryptoTrack;
			sourceTree = "<group>";
		};
/* End PBXGroup section */

/* Begin PBXNativeTarget section */
		BF5F72D7264E278D00DBFAE7 /* CyCoin */ = {
			isa = PBXNativeTarget;
			buildConfigurationList = BF5F72EC264E279000DBFAE7 /* Build configuration list for PBXNativeTarget "CyCoin" */;
			buildPhases = (
				BF5F72D4264E278D00DBFAE7 /* Sources */,
				BF5F72D5264E278D00DBFAE7 /* Frameworks */,
				BF5F72D6264E278D00DBFAE7 /* Resources */,
			);
			buildRules = (
			);
			dependencies = (
			);
			name = CyCoin;
			productName = CyCoin;
			productReference = BF5F72D8264E278D00DBFAE7 /* CyCoin.app */;
			productType = "com.apple.product-type.application";
		};
/* End PBXNativeTarget section */

/* Begin PBXProject section */
		BF5F72D0264E278D00DBFAE7 /* Project object */ = {
			isa = PBXProject;
			attributes = {
				LastSwiftUpdateCheck = 1250;
				LastUpgradeCheck = 1250;
				TargetAttributes = {
					BF5F72D7264E278D00DBFAE7 = {
						CreatedOnToolsVersion = 12.5;
					};
				};
			};
			buildConfigurationList = BF5F72D3264E278D00DBFAE7 /* Build configuration list for PBXProject "CyCoin" */;
			compatibilityVersion = "Xcode 9.3";
			developmentRegion = en;
			hasScannedForEncodings = 0;
			knownRegions = (
				en,
				Base,
			);
			mainGroup = BF5F72CF264E278D00DBFAE7;
			productRefGroup = BF5F72D9264E278D00DBFAE7 /* Products */;
			projectDirPath = "";
			projectRoot = "";
			targets = (
				BF5F72D7264E278D00DBFAE7 /* CyCoin */,
			);
		};
/* End PBXProject section */

/* Begin PBXResourcesBuildPhase section */
		BF5F72D6264E278D00DBFAE7 /* Resources */ = {
			isa = PBXResourcesBuildPhase;
			buildActionMask = 2147483647;
			files = (
				BF5F72E8264E279000DBFAE7 /* LaunchScreen.storyboard in Resources */,
				BF5F72E5264E279000DBFAE7 /* Assets.xcassets in Resources */,
				BF5F72E3264E278D00DBFAE7 /* Main.storyboard in Resources */,
			);
			runOnlyForDeploymentPostprocessing = 0;
		};
/* End PBXResourcesBuildPhase section */

/* Begin PBXSourcesBuildPhase section */
		BF5F72D4264E278D00DBFAE7 /* Sources */ = {
			isa = PBXSourcesBuildPhase;
			buildActionMask = 2147483647;
			files = (
				BF5F72F0264E2AFC00DBFAE7 /* NetworkManager.swift in Sources */,
				BF5F7304264FB59900DBFAE7 /* String+Extension.swift in Sources */,
				BF5F72F2264E317C00DBFAE7 /* APIEndPoint.swift in Sources */,
				BF5F72E0264E278D00DBFAE7 /* ViewController.swift in Sources */,
				BF5F730F2650FA2400DBFAE7 /* UIViewController+Extension.swift in Sources */,
				BF5F72F4264E3FFB00DBFAE7 /* CurrencyResponse.swift in Sources */,
				BF5F73112650FC6A00DBFAE7 /* APIKeys.swift in Sources */,
				BF5F72FA264E6D0800DBFAE7 /* CyLabel.swift in Sources */,
				BF5F7302264FB4E000DBFAE7 /* Date+Extension.swift in Sources */,
				BF5F72DC264E278D00DBFAE7 /* AppDelegate.swift in Sources */,
				BF5F72FC264EBC1500DBFAE7 /* DogeTableCellTableViewCell.swift in Sources */,
				BF5F72DE264E278D00DBFAE7 /* SceneDelegate.swift in Sources */,
				BF5F730A264FEB6900DBFAE7 /* TabBarVC.swift in Sources */,
				BF5F72F6264E420F00DBFAE7 /* APIError.swift in Sources */,
				BF5F730D2650F8CC00DBFAE7 /* HomePageVC.swift in Sources */,
			);
			runOnlyForDeploymentPostprocessing = 0;
		};
/* End PBXSourcesBuildPhase section */

/* Begin PBXVariantGroup section */
		BF5F72E1264E278D00DBFAE7 /* Main.storyboard */ = {
			isa = PBXVariantGroup;
			children = (
				BF5F72E2264E278D00DBFAE7 /* Base */,
			);
			name = Main.storyboard;
			sourceTree = "<group>";
		};
		BF5F72E6264E279000DBFAE7 /* LaunchScreen.storyboard */ = {
			isa = PBXVariantGroup;
			children = (
				BF5F72E7264E279000DBFAE7 /* Base */,
			);
			name = LaunchScreen.storyboard;
			sourceTree = "<group>";
		};
/* End PBXVariantGroup section */

/* Begin XCBuildConfiguration section */
		BF5F72EA264E279000DBFAE7 /* Debug */ = {
			isa = XCBuildConfiguration;
			buildSettings = {
				ALWAYS_SEARCH_USER_PATHS = NO;
				CLANG_ANALYZER_NONNULL = YES;
				CLANG_ANALYZER_NUMBER_OBJECT_CONVERSION = YES_AGGRESSIVE;
				CLANG_CXX_LANGUAGE_STANDARD = "gnu++14";
				CLANG_CXX_LIBRARY = "libc++";
				CLANG_ENABLE_MODULES = YES;
				CLANG_ENABLE_OBJC_ARC = YES;
				CLANG_ENABLE_OBJC_WEAK = YES;
				CLANG_WARN_BLOCK_CAPTURE_AUTORELEASING = YES;
				CLANG_WARN_BOOL_CONVERSION = YES;
				CLANG_WARN_COMMA = YES;
				CLANG_WARN_CONSTANT_CONVERSION = YES;
				CLANG_WARN_DEPRECATED_OBJC_IMPLEMENTATIONS = YES;
				CLANG_WARN_DIRECT_OBJC_ISA_USAGE = YES_ERROR;
				CLANG_WARN_DOCUMENTATION_COMMENTS = YES;
				CLANG_WARN_EMPTY_BODY = YES;
				CLANG_WARN_ENUM_CONVERSION = YES;
				CLANG_WARN_INFINITE_RECURSION = YES;
				CLANG_WARN_INT_CONVERSION = YES;
				CLANG_WARN_NON_LITERAL_NULL_CONVERSION = YES;
				CLANG_WARN_OBJC_IMPLICIT_RETAIN_SELF = YES;
				CLANG_WARN_OBJC_LITERAL_CONVERSION = YES;
				CLANG_WARN_OBJC_ROOT_CLASS = YES_ERROR;
				CLANG_WARN_QUOTED_INCLUDE_IN_FRAMEWORK_HEADER = YES;
				CLANG_WARN_RANGE_LOOP_ANALYSIS = YES;
				CLANG_WARN_STRICT_PROTOTYPES = YES;
				CLANG_WARN_SUSPICIOUS_MOVE = YES;
				CLANG_WARN_UNGUARDED_AVAILABILITY = YES_AGGRESSIVE;
				CLANG_WARN_UNREACHABLE_CODE = YES;
				CLANG_WARN__DUPLICATE_METHOD_MATCH = YES;
				COPY_PHASE_STRIP = NO;
				DEBUG_INFORMATION_FORMAT = dwarf;
				ENABLE_STRICT_OBJC_MSGSEND = YES;
				ENABLE_TESTABILITY = YES;
				GCC_C_LANGUAGE_STANDARD = gnu11;
				GCC_DYNAMIC_NO_PIC = NO;
				GCC_NO_COMMON_BLOCKS = YES;
				GCC_OPTIMIZATION_LEVEL = 0;
				GCC_PREPROCESSOR_DEFINITIONS = (
					"DEBUG=1",
					"$(inherited)",
				);
				GCC_WARN_64_TO_32_BIT_CONVERSION = YES;
				GCC_WARN_ABOUT_RETURN_TYPE = YES_ERROR;
				GCC_WARN_UNDECLARED_SELECTOR = YES;
				GCC_WARN_UNINITIALIZED_AUTOS = YES_AGGRESSIVE;
				GCC_WARN_UNUSED_FUNCTION = YES;
				GCC_WARN_UNUSED_VARIABLE = YES;
				IPHONEOS_DEPLOYMENT_TARGET = 14.5;
				MTL_ENABLE_DEBUG_INFO = INCLUDE_SOURCE;
				MTL_FAST_MATH = YES;
				ONLY_ACTIVE_ARCH = YES;
				SDKROOT = iphoneos;
				SWIFT_ACTIVE_COMPILATION_CONDITIONS = DEBUG;
				SWIFT_OPTIMIZATION_LEVEL = "-Onone";
			};
			name = Debug;
		};
		BF5F72EB264E279000DBFAE7 /* Release */ = {
			isa = XCBuildConfiguration;
			buildSettings = {
				ALWAYS_SEARCH_USER_PATHS = NO;
				CLANG_ANALYZER_NONNULL = YES;
				CLANG_ANALYZER_NUMBER_OBJECT_CONVERSION = YES_AGGRESSIVE;
				CLANG_CXX_LANGUAGE_STANDARD = "gnu++14";
				CLANG_CXX_LIBRARY = "libc++";
				CLANG_ENABLE_MODULES = YES;
				CLANG_ENABLE_OBJC_ARC = YES;
				CLANG_ENABLE_OBJC_WEAK = YES;
				CLANG_WARN_BLOCK_CAPTURE_AUTORELEASING = YES;
				CLANG_WARN_BOOL_CONVERSION = YES;
				CLANG_WARN_COMMA = YES;
				CLANG_WARN_CONSTANT_CONVERSION = YES;
				CLANG_WARN_DEPRECATED_OBJC_IMPLEMENTATIONS = YES;
				CLANG_WARN_DIRECT_OBJC_ISA_USAGE = YES_ERROR;
				CLANG_WARN_DOCUMENTATION_COMMENTS = YES;
				CLANG_WARN_EMPTY_BODY = YES;
				CLANG_WARN_ENUM_CONVERSION = YES;
				CLANG_WARN_INFINITE_RECURSION = YES;
				CLANG_WARN_INT_CONVERSION = YES;
				CLANG_WARN_NON_LITERAL_NULL_CONVERSION = YES;
				CLANG_WARN_OBJC_IMPLICIT_RETAIN_SELF = YES;
				CLANG_WARN_OBJC_LITERAL_CONVERSION = YES;
				CLANG_WARN_OBJC_ROOT_CLASS = YES_ERROR;
				CLANG_WARN_QUOTED_INCLUDE_IN_FRAMEWORK_HEADER = YES;
				CLANG_WARN_RANGE_LOOP_ANALYSIS = YES;
				CLANG_WARN_STRICT_PROTOTYPES = YES;
				CLANG_WARN_SUSPICIOUS_MOVE = YES;
				CLANG_WARN_UNGUARDED_AVAILABILITY = YES_AGGRESSIVE;
				CLANG_WARN_UNREACHABLE_CODE = YES;
				CLANG_WARN__DUPLICATE_METHOD_MATCH = YES;
				COPY_PHASE_STRIP = NO;
				DEBUG_INFORMATION_FORMAT = "dwarf-with-dsym";
				ENABLE_NS_ASSERTIONS = NO;
				ENABLE_STRICT_OBJC_MSGSEND = YES;
				GCC_C_LANGUAGE_STANDARD = gnu11;
				GCC_NO_COMMON_BLOCKS = YES;
				GCC_WARN_64_TO_32_BIT_CONVERSION = YES;
				GCC_WARN_ABOUT_RETURN_TYPE = YES_ERROR;
				GCC_WARN_UNDECLARED_SELECTOR = YES;
				GCC_WARN_UNINITIALIZED_AUTOS = YES_AGGRESSIVE;
				GCC_WARN_UNUSED_FUNCTION = YES;
				GCC_WARN_UNUSED_VARIABLE = YES;
				IPHONEOS_DEPLOYMENT_TARGET = 14.5;
				MTL_ENABLE_DEBUG_INFO = NO;
				MTL_FAST_MATH = YES;
				SDKROOT = iphoneos;
				SWIFT_COMPILATION_MODE = wholemodule;
				SWIFT_OPTIMIZATION_LEVEL = "-O";
				VALIDATE_PRODUCT = YES;
			};
			name = Release;
		};
		BF5F72ED264E279000DBFAE7 /* Debug */ = {
			isa = XCBuildConfiguration;
			buildSettings = {
				ASSETCATALOG_COMPILER_APPICON_NAME = AppIcon;
				ASSETCATALOG_COMPILER_GLOBAL_ACCENT_COLOR_NAME = AccentColor;
				CODE_SIGN_STYLE = Automatic;
				DEVELOPMENT_TEAM = N492VC6PS9;
				INFOPLIST_FILE = CyCoin/Info.plist;
				LD_RUNPATH_SEARCH_PATHS = (
					"$(inherited)",
					"@executable_path/Frameworks",
				);
				PRODUCT_BUNDLE_IDENTIFIER = com.dzhiphop.CyCoin;
				PRODUCT_NAME = "$(TARGET_NAME)";
				SWIFT_VERSION = 5.0;
				TARGETED_DEVICE_FAMILY = 1;
			};
			name = Debug;
		};
		BF5F72EE264E279000DBFAE7 /* Release */ = {
			isa = XCBuildConfiguration;
			buildSettings = {
				ASSETCATALOG_COMPILER_APPICON_NAME = AppIcon;
				ASSETCATALOG_COMPILER_GLOBAL_ACCENT_COLOR_NAME = AccentColor;
				CODE_SIGN_STYLE = Automatic;
				DEVELOPMENT_TEAM = N492VC6PS9;
				INFOPLIST_FILE = CyCoin/Info.plist;
				LD_RUNPATH_SEARCH_PATHS = (
					"$(inherited)",
					"@executable_path/Frameworks",
				);
				PRODUCT_BUNDLE_IDENTIFIER = com.dzhiphop.CyCoin;
				PRODUCT_NAME = "$(TARGET_NAME)";
				SWIFT_VERSION = 5.0;
				TARGETED_DEVICE_FAMILY = 1;
			};
			name = Release;
		};
/* End XCBuildConfiguration section */

/* Begin XCConfigurationList section */
		BF5F72D3264E278D00DBFAE7 /* Build configuration list for PBXProject "CyCoin" */ = {
			isa = XCConfigurationList;
			buildConfigurations = (
				BF5F72EA264E279000DBFAE7 /* Debug */,
				BF5F72EB264E279000DBFAE7 /* Release */,
			);
			defaultConfigurationIsVisible = 0;
			defaultConfigurationName = Release;
		};
		BF5F72EC264E279000DBFAE7 /* Build configuration list for PBXNativeTarget "CyCoin" */ = {
			isa = XCConfigurationList;
			buildConfigurations = (
				BF5F72ED264E279000DBFAE7 /* Debug */,
				BF5F72EE264E279000DBFAE7 /* Release */,
			);
			defaultConfigurationIsVisible = 0;
			defaultConfigurationName = Release;
		};
/* End XCConfigurationList section */
	};
	rootObject = BF5F72D0264E278D00DBFAE7 /* Project object */;
}
